
Microsoft Visual Studio Solution File, Format Version 12.00
# Visual Studio Version 16
VisualStudioVersion = 16.0.30128.74
MinimumVisualStudioVersion = 10.0.40219.1
Project("{FAE04EC0-301F-11D3-BF4B-00C04F79EFBC}") = "CourseSchedulerUI", "CourseSchedulerUI\CourseSchedulerUI.csproj", "{271540E6-6389-4AD8-8733-DDEDD844400C}"
EndProject
Global
	GlobalSection(SolutionConfigurationPlatforms) = preSolution
		Debug|Any CPU = Debug|Any CPU
		Release|Any CPU = Release|Any CPU
	EndGlobalSection
	GlobalSection(ProjectConfigurationPlatforms) = postSolution
		{271540E6-6389-4AD8-8733-DDEDD844400C}.Debug|Any CPU.ActiveCfg = Debug|Any CPU
		{271540E6-6389-4AD8-8733-DDEDD844400C}.Debug|Any CPU.Build.0 = Debug|Any CPU
		{271540E6-6389-4AD8-8733-DDEDD844400C}.Release|Any CPU.ActiveCfg = Release|Any CPU
		{271540E6-6389-4AD8-8733-DDEDD844400C}.Release|Any CPU.Build.0 = Release|Any CPU
	EndGlobalSection
	GlobalSection(SolutionProperties) = preSolution
		HideSolutionNode = FALSE
	EndGlobalSection
	GlobalSection(ExtensibilityGlobals) = postSolution
		SolutionGuid = {0E0EE051-CDA6-4BE6-A232-F4B509716BF9}
	EndGlobalSection
EndGlobal
